// !$*UTF8*$!
{
	archiveVersion = 1;
	classes = {
	};
	objectVersion = 46;
	objects = {

/* Begin PBXBuildFile section */
		AB4DBEAD19E478530093AF83 /* AppDelegate.swift in Sources */ = {isa = PBXBuildFile; fileRef = AB4DBEAC19E478530093AF83 /* AppDelegate.swift */; };
		AB4DBEAF19E478530093AF83 /* FirstViewController.swift in Sources */ = {isa = PBXBuildFile; fileRef = AB4DBEAE19E478530093AF83 /* FirstViewController.swift */; };
		AB4DBEB119E478530093AF83 /* SecondViewController.swift in Sources */ = {isa = PBXBuildFile; fileRef = AB4DBEB019E478530093AF83 /* SecondViewController.swift */; };
		AB4DBEB419E478530093AF83 /* Main.storyboard in Resources */ = {isa = PBXBuildFile; fileRef = AB4DBEB219E478530093AF83 /* Main.storyboard */; };
		AB4DBEB619E478530093AF83 /* Images.xcassets in Resources */ = {isa = PBXBuildFile; fileRef = AB4DBEB519E478530093AF83 /* Images.xcassets */; };
		AB4DBEB919E478530093AF83 /* LaunchScreen.xib in Resources */ = {isa = PBXBuildFile; fileRef = AB4DBEB719E478530093AF83 /* LaunchScreen.xib */; };
		AB4DBEC519E478540093AF83 /* MyNotesTests.swift in Sources */ = {isa = PBXBuildFile; fileRef = AB4DBEC419E478540093AF83 /* MyNotesTests.swift */; };
/* End PBXBuildFile section */

/* Begin PBXContainerItemProxy section */
		AB4DBEBF19E478540093AF83 /* PBXContainerItemProxy */ = {
			isa = PBXContainerItemProxy;
			containerPortal = AB4DBE9F19E478530093AF83 /* Project object */;
			proxyType = 1;
			remoteGlobalIDString = AB4DBEA619E478530093AF83;
			remoteInfo = MyNotes;
		};
/* End PBXContainerItemProxy section */

/* Begin PBXFileReference section */
		AB4DBEA719E478530093AF83 /* MyNotes.app */ = {isa = PBXFileReference; explicitFileType = wrapper.application; includeInIndex = 0; path = MyNotes.app; sourceTree = BUILT_PRODUCTS_DIR; };
		AB4DBEAB19E478530093AF83 /* Info.plist */ = {isa = PBXFileReference; lastKnownFileType = text.plist.xml; path = Info.plist; sourceTree = "<group>"; };
		AB4DBEAC19E478530093AF83 /* AppDelegate.swift */ = {isa = PBXFileReference; lastKnownFileType = sourcecode.swift; path = AppDelegate.swift; sourceTree = "<group>"; };
		AB4DBEAE19E478530093AF83 /* FirstViewController.swift */ = {isa = PBXFileReference; lastKnownFileType = sourcecode.swift; path = FirstViewController.swift; sourceTree = "<group>"; };
		AB4DBEB019E478530093AF83 /* SecondViewController.swift */ = {isa = PBXFileReference; lastKnownFileType = sourcecode.swift; path = SecondViewController.swift; sourceTree = "<group>"; };
		AB4DBEB319E478530093AF83 /* Base */ = {isa = PBXFileReference; lastKnownFileType = file.storyboard; name = Base; path = Base.lproj/Main.storyboard; sourceTree = "<group>"; };
		AB4DBEB519E478530093AF83 /* Images.xcassets */ = {isa = PBXFileReference; lastKnownFileType = folder.assetcatalog; path = Images.xcassets; sourceTree = "<group>"; };
		AB4DBEB819E478530093AF83 /* Base */ = {isa = PBXFileReference; lastKnownFileType = file.xib; name = Base; path = Base.lproj/LaunchScreen.xib; sourceTree = "<group>"; };
		AB4DBEBE19E478540093AF83 /* MyNotesTests.xctest */ = {isa = PBXFileReference; explicitFileType = wrapper.cfbundle; includeInIndex = 0; path = MyNotesTests.xctest; sourceTree = BUILT_PRODUCTS_DIR; };
		AB4DBEC319E478540093AF83 /* Info.plist */ = {isa = PBXFileReference; lastKnownFileType = text.plist.xml; path = Info.plist; sourceTree = "<group>"; };
		AB4DBEC419E478540093AF83 /* MyNotesTests.swift */ = {isa = PBXFileReference; lastKnownFileType = sourcecode.swift; path = MyNotesTests.swift; sourceTree = "<group>"; };
/* End PBXFileReference section */

/* Begin PBXFrameworksBuildPhase section */
		AB4DBEA419E478530093AF83 /* Frameworks */ = {
			isa = PBXFrameworksBuildPhase;
			buildActionMask = 2147483647;
			files = (
			);
			runOnlyForDeploymentPostprocessing = 0;
		};
		AB4DBEBB19E478540093AF83 /* Frameworks */ = {
			isa = PBXFrameworksBuildPhase;
			buildActionMask = 2147483647;
			files = (
			);
			runOnlyForDeploymentPostprocessing = 0;
		};
/* End PBXFrameworksBuildPhase section */

/* Begin PBXGroup section */
		AB4DBE9E19E478530093AF83 = {
			isa = PBXGroup;
			children = (
				AB4DBEA919E478530093AF83 /* MyNotes */,
				AB4DBEC119E478540093AF83 /* MyNotesTests */,
				AB4DBEA819E478530093AF83 /* Products */,
			);
			sourceTree = "<group>";
		};
		AB4DBEA819E478530093AF83 /* Products */ = {
			isa = PBXGroup;
			children = (
				AB4DBEA719E478530093AF83 /* MyNotes.app */,
				AB4DBEBE19E478540093AF83 /* MyNotesTests.xctest */,
			);
			name = Products;
			sourceTree = "<group>";
		};
		AB4DBEA919E478530093AF83 /* MyNotes */ = {
			isa = PBXGroup;
			children = (
				AB4DBEAC19E478530093AF83 /* AppDelegate.swift */,
				AB4DBEAE19E478530093AF83 /* FirstViewController.swift */,
				AB4DBEB019E478530093AF83 /* SecondViewController.swift */,
				AB4DBEB219E478530093AF83 /* Main.storyboard */,
				AB4DBEB519E478530093AF83 /* Images.xcassets */,
				AB4DBEB719E478530093AF83 /* LaunchScreen.xib */,
				AB4DBEAA19E478530093AF83 /* Supporting Files */,
			);
			path = MyNotes;
			sourceTree = "<group>";
		};
		AB4DBEAA19E478530093AF83 /* Supporting Files */ = {
			isa = PBXGroup;
			children = (
				AB4DBEAB19E478530093AF83 /* Info.plist */,
			);
			name = "Supporting Files";
			sourceTree = "<group>";
		};
		AB4DBEC119E478540093AF83 /* MyNotesTests */ = {
			isa = PBXGroup;
			children = (
				AB4DBEC419E478540093AF83 /* MyNotesTests.swift */,
				AB4DBEC219E478540093AF83 /* Supporting Files */,
			);
			path = MyNotesTests;
			sourceTree = "<group>";
		};
		AB4DBEC219E478540093AF83 /* Supporting Files */ = {
			isa = PBXGroup;
			children = (
				AB4DBEC319E478540093AF83 /* Info.plist */,
			);
			name = "Supporting Files";
			sourceTree = "<group>";
		};
/* End PBXGroup section */

/* Begin PBXNativeTarget section */
		AB4DBEA619E478530093AF83 /* MyNotes */ = {
			isa = PBXNativeTarget;
			buildConfigurationList = AB4DBEC819E478540093AF83 /* Build configuration list for PBXNativeTarget "MyNotes" */;
			buildPhases = (
				AB4DBEA319E478530093AF83 /* Sources */,
				AB4DBEA419E478530093AF83 /* Frameworks */,
				AB4DBEA519E478530093AF83 /* Resources */,
			);
			buildRules = (
			);
			dependencies = (
			);
			name = MyNotes;
			productName = MyNotes;
			productReference = AB4DBEA719E478530093AF83 /* MyNotes.app */;
			productType = "com.apple.product-type.application";
		};
		AB4DBEBD19E478540093AF83 /* MyNotesTests */ = {
			isa = PBXNativeTarget;
			buildConfigurationList = AB4DBECB19E478540093AF83 /* Build configuration list for PBXNativeTarget "MyNotesTests" */;
			buildPhases = (
				AB4DBEBA19E478540093AF83 /* Sources */,
				AB4DBEBB19E478540093AF83 /* Frameworks */,
				AB4DBEBC19E478540093AF83 /* Resources */,
			);
			buildRules = (
			);
			dependencies = (
				AB4DBEC019E478540093AF83 /* PBXTargetDependency */,
			);
			name = MyNotesTests;
			productName = MyNotesTests;
			productReference = AB4DBEBE19E478540093AF83 /* MyNotesTests.xctest */;
			productType = "com.apple.product-type.bundle.unit-test";
		};
/* End PBXNativeTarget section */

/* Begin PBXProject section */
		AB4DBE9F19E478530093AF83 /* Project object */ = {
			isa = PBXProject;
			attributes = {
				LastUpgradeCheck = 0600;
				ORGANIZATIONNAME = DevMakila;
				TargetAttributes = {
					AB4DBEA619E478530093AF83 = {
						CreatedOnToolsVersion = 6.0.1;
					};
					AB4DBEBD19E478540093AF83 = {
						CreatedOnToolsVersion = 6.0.1;
						TestTargetID = AB4DBEA619E478530093AF83;
					};
				};
			};
			buildConfigurationList = AB4DBEA219E478530093AF83 /* Build configuration list for PBXProject "MyNotes" */;
			compatibilityVersion = "Xcode 3.2";
			developmentRegion = English;
			hasScannedForEncodings = 0;
			knownRegions = (
				en,
				Base,
			);
			mainGroup = AB4DBE9E19E478530093AF83;
			productRefGroup = AB4DBEA819E478530093AF83 /* Products */;
			projectDirPath = "";
			projectRoot = "";
			targets = (
				AB4DBEA619E478530093AF83 /* MyNotes */,
				AB4DBEBD19E478540093AF83 /* MyNotesTests */,
			);
		};
/* End PBXProject section */

/* Begin PBXResourcesBuildPhase section */
		AB4DBEA519E478530093AF83 /* Resources */ = {
			isa = PBXResourcesBuildPhase;
			buildActionMask = 2147483647;
			files = (
				AB4DBEB419E478530093AF83 /* Main.storyboard in Resources */,
				AB4DBEB919E478530093AF83 /* LaunchScreen.xib in Resources */,
				AB4DBEB619E478530093AF83 /* Images.xcassets in Resources */,
			);
			runOnlyForDeploymentPostprocessing = 0;
		};
		AB4DBEBC19E478540093AF83 /* Resources */ = {
			isa = PBXResourcesBuildPhase;
			buildActionMask = 2147483647;
			files = (
			);
			runOnlyForDeploymentPostprocessing = 0;
		};
/* End PBXResourcesBuildPhase section */

/* Begin PBXSourcesBuildPhase section */
		AB4DBEA319E478530093AF83 /* Sources */ = {
			isa = PBXSourcesBuildPhase;
			buildActionMask = 2147483647;
			files = (
				AB4DBEB119E478530093AF83 /* SecondViewController.swift in Sources */,
				AB4DBEAD19E478530093AF83 /* AppDelegate.swift in Sources */,
				AB4DBEAF19E478530093AF83 /* FirstViewController.swift in Sources */,
			);
			runOnlyForDeploymentPostprocessing = 0;
		};
		AB4DBEBA19E478540093AF83 /* Sources */ = {
			isa = PBXSourcesBuildPhase;
			buildActionMask = 2147483647;
			files = (
				AB4DBEC519E478540093AF83 /* MyNotesTests.swift in Sources */,
			);
			runOnlyForDeploymentPostprocessing = 0;
		};
/* End PBXSourcesBuildPhase section */

/* Begin PBXTargetDependency section */
		AB4DBEC019E478540093AF83 /* PBXTargetDependency */ = {
			isa = PBXTargetDependency;
			target = AB4DBEA619E478530093AF83 /* MyNotes */;
			targetProxy = AB4DBEBF19E478540093AF83 /* PBXContainerItemProxy */;
		};
/* End PBXTargetDependency section */

/* Begin PBXVariantGroup section */
		AB4DBEB219E478530093AF83 /* Main.storyboard */ = {
			isa = PBXVariantGroup;
			children = (
				AB4DBEB319E478530093AF83 /* Base */,
			);
			name = Main.storyboard;
			sourceTree = "<group>";
		};
		AB4DBEB719E478530093AF83 /* LaunchScreen.xib */ = {
			isa = PBXVariantGroup;
			children = (
				AB4DBEB819E478530093AF83 /* Base */,
			);
			name = LaunchScreen.xib;
			sourceTree = "<group>";
		};
/* End PBXVariantGroup section */

/* Begin XCBuildConfiguration section */
		AB4DBEC619E478540093AF83 /* Debug */ = {
			isa = XCBuildConfiguration;
			buildSettings = {
				ALWAYS_SEARCH_USER_PATHS = NO;
				CLANG_CXX_LANGUAGE_STANDARD = "gnu++0x";
				CLANG_CXX_LIBRARY = "libc++";
				CLANG_ENABLE_MODULES = YES;
				CLANG_ENABLE_OBJC_ARC = YES;
				CLANG_WARN_BOOL_CONVERSION = YES;
				CLANG_WARN_CONSTANT_CONVERSION = YES;
				CLANG_WARN_DIRECT_OBJC_ISA_USAGE = YES_ERROR;
				CLANG_WARN_EMPTY_BODY = YES;
				CLANG_WARN_ENUM_CONVERSION = YES;
				CLANG_WARN_INT_CONVERSION = YES;
				CLANG_WARN_OBJC_ROOT_CLASS = YES_ERROR;
				CLANG_WARN_UNREACHABLE_CODE = YES;
				CLANG_WARN__DUPLICATE_METHOD_MATCH = YES;
				"CODE_SIGN_IDENTITY[sdk=iphoneos*]" = "iPhone Developer";
				COPY_PHASE_STRIP = NO;
				ENABLE_STRICT_OBJC_MSGSEND = YES;
				GCC_C_LANGUAGE_STANDARD = gnu99;
				GCC_DYNAMIC_NO_PIC = NO;
				GCC_OPTIMIZATION_LEVEL = 0;
				GCC_PREPROCESSOR_DEFINITIONS = (
					"DEBUG=1",
					"$(inherited)",
				);
				GCC_SYMBOLS_PRIVATE_EXTERN = NO;
				GCC_WARN_64_TO_32_BIT_CONVERSION = YES;
				GCC_WARN_ABOUT_RETURN_TYPE = YES_ERROR;
				GCC_WARN_UNDECLARED_SELECTOR = YES;
				GCC_WARN_UNINITIALIZED_AUTOS = YES_AGGRESSIVE;
				GCC_WARN_UNUSED_FUNCTION = YES;
				GCC_WARN_UNUSED_VARIABLE = YES;
				IPHONEOS_DEPLOYMENT_TARGET = 8.0;
				MTL_ENABLE_DEBUG_INFO = YES;
				ONLY_ACTIVE_ARCH = YES;
				SDKROOT = iphoneos;
				SWIFT_OPTIMIZATION_LEVEL = "-Onone";
			};
			name = Debug;
		};
		AB4DBEC719E478540093AF83 /* Release */ = {
			isa = XCBuildConfiguration;
			buildSettings = {
				ALWAYS_SEARCH_USER_PATHS = NO;
				CLANG_CXX_LANGUAGE_STANDARD = "gnu++0x";
				CLANG_CXX_LIBRARY = "libc++";
				CLANG_ENABLE_MODULES = YES;
				CLANG_ENABLE_OBJC_ARC = YES;
				CLANG_WARN_BOOL_CONVERSION = YES;
				CLANG_WARN_CONSTANT_CONVERSION = YES;
				CLANG_WARN_DIRECT_OBJC_ISA_USAGE = YES_ERROR;
				CLANG_WARN_EMPTY_BODY = YES;
				CLANG_WARN_ENUM_CONVERSION = YES;
				CLANG_WARN_INT_CONVERSION = YES;
				CLANG_WARN_OBJC_ROOT_CLASS = YES_ERROR;
				CLANG_WARN_UNREACHABLE_CODE = YES;
				CLANG_WARN__DUPLICATE_METHOD_MATCH = YES;
				"CODE_SIGN_IDENTITY[sdk=iphoneos*]" = "iPhone Developer";
				COPY_PHASE_STRIP = YES;
				ENABLE_NS_ASSERTIONS = NO;
				ENABLE_STRICT_OBJC_MSGSEND = YES;
				GCC_C_LANGUAGE_STANDARD = gnu99;
				GCC_WARN_64_TO_32_BIT_CONVERSION = YES;
				GCC_WARN_ABOUT_RETURN_TYPE = YES_ERROR;
				GCC_WARN_UNDECLARED_SELECTOR = YES;
				GCC_WARN_UNINITIALIZED_AUTOS = YES_AGGRESSIVE;
				GCC_WARN_UNUSED_FUNCTION = YES;
				GCC_WARN_UNUSED_VARIABLE = YES;
				IPHONEOS_DEPLOYMENT_TARGET = 8.0;
				MTL_ENABLE_DEBUG_INFO = NO;
				SDKROOT = iphoneos;
				VALIDATE_PRODUCT = YES;
			};
			name = Release;
		};
		AB4DBEC919E478540093AF83 /* Debug */ = {
			isa = XCBuildConfiguration;
			buildSettings = {
				ASSETCATALOG_COMPILER_APPICON_NAME = AppIcon;
				INFOPLIST_FILE = MyNotes/Info.plist;
				LD_RUNPATH_SEARCH_PATHS = "$(inherited) @executable_path/Frameworks";
				PRODUCT_NAME = "$(TARGET_NAME)";
			};
			name = Debug;
		};
		AB4DBECA19E478540093AF83 /* Release */ = {
			isa = XCBuildConfiguration;
			buildSettings = {
				ASSETCATALOG_COMPILER_APPICON_NAME = AppIcon;
				INFOPLIST_FILE = MyNotes/Info.plist;
				LD_RUNPATH_SEARCH_PATHS = "$(inherited) @executable_path/Frameworks";
				PRODUCT_NAME = "$(TARGET_NAME)";
			};
			name = Release;
		};
		AB4DBECC19E478540093AF83 /* Debug */ = {
			isa = XCBuildConfiguration;
			buildSettings = {
				BUNDLE_LOADER = "$(TEST_HOST)";
				FRAMEWORK_SEARCH_PATHS = (
					"$(SDKROOT)/Developer/Library/Frameworks",
					"$(inherited)",
				);
				GCC_PREPROCESSOR_DEFINITIONS = (
					"DEBUG=1",
					"$(inherited)",
				);
				INFOPLIST_FILE = MyNotesTests/Info.plist;
				LD_RUNPATH_SEARCH_PATHS = "$(inherited) @executable_path/Frameworks @loader_path/Frameworks";
				PRODUCT_NAME = "$(TARGET_NAME)";
				TEST_HOST = "$(BUILT_PRODUCTS_DIR)/MyNotes.app/MyNotes";
			};
			name = Debug;
		};
		AB4DBECD19E478540093AF83 /* Release */ = {
			isa = XCBuildConfiguration;
			buildSettings = {
				BUNDLE_LOADER = "$(TEST_HOST)";
				FRAMEWORK_SEARCH_PATHS = (
					"$(SDKROOT)/Developer/Library/Frameworks",
					"$(inherited)",
				);
				INFOPLIST_FILE = MyNotesTests/Info.plist;
				LD_RUNPATH_SEARCH_PATHS = "$(inherited) @executable_path/Frameworks @loader_path/Frameworks";
				PRODUCT_NAME = "$(TARGET_NAME)";
				TEST_HOST = "$(BUILT_PRODUCTS_DIR)/MyNotes.app/MyNotes";
			};
			name = Release;
		};
/* End XCBuildConfiguration section */

/* Begin XCConfigurationList section */
		AB4DBEA219E478530093AF83 /* Build configuration list for PBXProject "MyNotes" */ = {
			isa = XCConfigurationList;
			buildConfigurations = (
				AB4DBEC619E478540093AF83 /* Debug */,
				AB4DBEC719E478540093AF83 /* Release */,
			);
			defaultConfigurationIsVisible = 0;
			defaultConfigurationName = Release;
		};
		AB4DBEC819E478540093AF83 /* Build configuration list for PBXNativeTarget "MyNotes" */ = {
			isa = XCConfigurationList;
			buildConfigurations = (
				AB4DBEC919E478540093AF83 /* Debug */,
				AB4DBECA19E478540093AF83 /* Release */,
			);
			defaultConfigurationIsVisible = 0;
		};
		AB4DBECB19E478540093AF83 /* Build configuration list for PBXNativeTarget "MyNotesTests" */ = {
			isa = XCConfigurationList;
			buildConfigurations = (
				AB4DBECC19E478540093AF83 /* Debug */,
				AB4DBECD19E478540093AF83 /* Release */,
			);
			defaultConfigurationIsVisible = 0;
		};
/* End XCConfigurationList section */
	};
	rootObject = AB4DBE9F19E478530093AF83 /* Project object */;
}
